
Microsoft Visual Studio Solution File, Format Version 12.00
# Visual Studio Version 16
VisualStudioVersion = 16.0.29613.14
MinimumVisualStudioVersion = 10.0.40219.1
Project("{FAE04EC0-301F-11D3-BF4B-00C04F79EFBC}") = "TestRepoForAzureDevOps", "TestRepoForAzureDevOps\TestRepoForAzureDevOps.csproj", "{762C40C1-CD62-4174-B8D4-130A6006F25D}"
EndProject
Global
	GlobalSection(SolutionConfigurationPlatforms) = preSolution
		Debug|Any CPU = Debug|Any CPU
		Release|Any CPU = Release|Any CPU
	EndGlobalSection
	GlobalSection(ProjectConfigurationPlatforms) = postSolution
		{762C40C1-CD62-4174-B8D4-130A6006F25D}.Debug|Any CPU.ActiveCfg = Debug|Any CPU
		{762C40C1-CD62-4174-B8D4-130A6006F25D}.Debug|Any CPU.Build.0 = Debug|Any CPU
		{762C40C1-CD62-4174-B8D4-130A6006F25D}.Release|Any CPU.ActiveCfg = Release|Any CPU
		{762C40C1-CD62-4174-B8D4-130A6006F25D}.Release|Any CPU.Build.0 = Release|Any CPU
	EndGlobalSection
	GlobalSection(SolutionProperties) = preSolution
		HideSolutionNode = FALSE
	EndGlobalSection
	GlobalSection(ExtensibilityGlobals) = postSolution
		SolutionGuid = {AD35AB89-D9AF-4A28-85A5-0F38D0B8CF9D}
	EndGlobalSection
EndGlobal
